
Microsoft Visual Studio Solution File, Format Version 12.00
# Visual Studio Version 16
VisualStudioVersion = 16.0.29519.87
MinimumVisualStudioVersion = 10.0.40219.1
Project("{FAE04EC0-301F-11D3-BF4B-00C04F79EFBC}") = "SAM.Core", "SAM\SAM.Core\SAM.Core.csproj", "{1C86B9AC-81B3-41D8-BA48-321F28AB94F4}"
EndProject
Project("{FAE04EC0-301F-11D3-BF4B-00C04F79EFBC}") = "SAM.Geometry", "SAM\SAM.Geometry\SAM.Geometry.csproj", "{4CF184FD-B48A-41FC-ADBC-20218B44B03D}"
EndProject
Project("{FAE04EC0-301F-11D3-BF4B-00C04F79EFBC}") = "SAM.Analytical", "SAM\SAM.Analytical\SAM.Analytical.csproj", "{B47BAD06-8523-455E-ACF8-4879D0286EC1}"
EndProject
Project("{FAE04EC0-301F-11D3-BF4B-00C04F79EFBC}") = "SAM.Analytical.Dynamo", "Dynamo\SAM.Analytical.Dynamo\SAM.Analytical.Dynamo.csproj", "{C0FC4B58-6EA4-47B0-B242-F4C053BB14C2}"
EndProject
Project("{FAE04EC0-301F-11D3-BF4B-00C04F79EFBC}") = "SAM.Core.Dynamo", "Dynamo\SAM.Core.Dynamo\SAM.Core.Dynamo.csproj", "{3072B7C0-BB80-4D75-9905-77CFAFA2047F}"
EndProject
Project("{FAE04EC0-301F-11D3-BF4B-00C04F79EFBC}") = "SAM.Geometry.Dynamo", "Dynamo\SAM.Geometry.Dynamo\SAM.Geometry.Dynamo.csproj", "{31847A71-1B4C-4E40-A202-391922B39876}"
EndProject
Project("{2150E333-8FDC-42A3-9474-1A3956D46DE8}") = "SAM", "SAM", "{4FDEDAD6-FCEC-4426-9A3B-086BF3C99CC0}"
EndProject
Project("{2150E333-8FDC-42A3-9474-1A3956D46DE8}") = "Dynamo", "Dynamo", "{A81D37DE-E647-4EF9-84B4-478BFD860184}"
EndProject
Project("{2150E333-8FDC-42A3-9474-1A3956D46DE8}") = "Grasshopper", "Grasshopper", "{B365D5A7-F4F1-4C45-9565-5F6CFC1134A4}"
EndProject
Project("{FAE04EC0-301F-11D3-BF4B-00C04F79EFBC}") = "SAM.Geometry.Grasshopper", "Grasshopper\SAM.Geometry.Grasshopper\SAM.Geometry.Grasshopper.csproj", "{B8F0EE34-A776-4518-ADA2-E047E468B47B}"
EndProject
Global
	GlobalSection(SolutionConfigurationPlatforms) = preSolution
		Debug|Any CPU = Debug|Any CPU
		Release|Any CPU = Release|Any CPU
	EndGlobalSection
	GlobalSection(ProjectConfigurationPlatforms) = postSolution
		{1C86B9AC-81B3-41D8-BA48-321F28AB94F4}.Debug|Any CPU.ActiveCfg = Debug|Any CPU
		{1C86B9AC-81B3-41D8-BA48-321F28AB94F4}.Debug|Any CPU.Build.0 = Debug|Any CPU
		{1C86B9AC-81B3-41D8-BA48-321F28AB94F4}.Release|Any CPU.ActiveCfg = Release|Any CPU
		{1C86B9AC-81B3-41D8-BA48-321F28AB94F4}.Release|Any CPU.Build.0 = Release|Any CPU
		{4CF184FD-B48A-41FC-ADBC-20218B44B03D}.Debug|Any CPU.ActiveCfg = Debug|Any CPU
		{4CF184FD-B48A-41FC-ADBC-20218B44B03D}.Debug|Any CPU.Build.0 = Debug|Any CPU
		{4CF184FD-B48A-41FC-ADBC-20218B44B03D}.Release|Any CPU.ActiveCfg = Release|Any CPU
		{4CF184FD-B48A-41FC-ADBC-20218B44B03D}.Release|Any CPU.Build.0 = Release|Any CPU
		{B47BAD06-8523-455E-ACF8-4879D0286EC1}.Debug|Any CPU.ActiveCfg = Debug|Any CPU
		{B47BAD06-8523-455E-ACF8-4879D0286EC1}.Debug|Any CPU.Build.0 = Debug|Any CPU
		{B47BAD06-8523-455E-ACF8-4879D0286EC1}.Release|Any CPU.ActiveCfg = Release|Any CPU
		{B47BAD06-8523-455E-ACF8-4879D0286EC1}.Release|Any CPU.Build.0 = Release|Any CPU
		{C0FC4B58-6EA4-47B0-B242-F4C053BB14C2}.Debug|Any CPU.ActiveCfg = Debug|Any CPU
		{C0FC4B58-6EA4-47B0-B242-F4C053BB14C2}.Debug|Any CPU.Build.0 = Debug|Any CPU
		{C0FC4B58-6EA4-47B0-B242-F4C053BB14C2}.Release|Any CPU.ActiveCfg = Release|Any CPU
		{C0FC4B58-6EA4-47B0-B242-F4C053BB14C2}.Release|Any CPU.Build.0 = Release|Any CPU
		{3072B7C0-BB80-4D75-9905-77CFAFA2047F}.Debug|Any CPU.ActiveCfg = Debug|Any CPU
		{3072B7C0-BB80-4D75-9905-77CFAFA2047F}.Debug|Any CPU.Build.0 = Debug|Any CPU
		{3072B7C0-BB80-4D75-9905-77CFAFA2047F}.Release|Any CPU.ActiveCfg = Release|Any CPU
		{3072B7C0-BB80-4D75-9905-77CFAFA2047F}.Release|Any CPU.Build.0 = Release|Any CPU
		{31847A71-1B4C-4E40-A202-391922B39876}.Debug|Any CPU.ActiveCfg = Debug|Any CPU
		{31847A71-1B4C-4E40-A202-391922B39876}.Debug|Any CPU.Build.0 = Debug|Any CPU
		{31847A71-1B4C-4E40-A202-391922B39876}.Release|Any CPU.ActiveCfg = Release|Any CPU
		{31847A71-1B4C-4E40-A202-391922B39876}.Release|Any CPU.Build.0 = Release|Any CPU
		{B8F0EE34-A776-4518-ADA2-E047E468B47B}.Debug|Any CPU.ActiveCfg = Debug|Any CPU
		{B8F0EE34-A776-4518-ADA2-E047E468B47B}.Debug|Any CPU.Build.0 = Debug|Any CPU
		{B8F0EE34-A776-4518-ADA2-E047E468B47B}.Release|Any CPU.ActiveCfg = Release|Any CPU
		{B8F0EE34-A776-4518-ADA2-E047E468B47B}.Release|Any CPU.Build.0 = Release|Any CPU
	EndGlobalSection
	GlobalSection(SolutionProperties) = preSolution
		HideSolutionNode = FALSE
	EndGlobalSection
	GlobalSection(NestedProjects) = preSolution
		{1C86B9AC-81B3-41D8-BA48-321F28AB94F4} = {4FDEDAD6-FCEC-4426-9A3B-086BF3C99CC0}
		{4CF184FD-B48A-41FC-ADBC-20218B44B03D} = {4FDEDAD6-FCEC-4426-9A3B-086BF3C99CC0}
		{B47BAD06-8523-455E-ACF8-4879D0286EC1} = {4FDEDAD6-FCEC-4426-9A3B-086BF3C99CC0}
		{C0FC4B58-6EA4-47B0-B242-F4C053BB14C2} = {A81D37DE-E647-4EF9-84B4-478BFD860184}
		{3072B7C0-BB80-4D75-9905-77CFAFA2047F} = {A81D37DE-E647-4EF9-84B4-478BFD860184}
		{31847A71-1B4C-4E40-A202-391922B39876} = {A81D37DE-E647-4EF9-84B4-478BFD860184}
		{B8F0EE34-A776-4518-ADA2-E047E468B47B} = {B365D5A7-F4F1-4C45-9565-5F6CFC1134A4}
	EndGlobalSection
	GlobalSection(ExtensibilityGlobals) = postSolution
		SolutionGuid = {4E0308FF-C8D5-4700-951A-859CB9D4FD09}
	EndGlobalSection
EndGlobal
