
Microsoft Visual Studio Solution File, Format Version 12.00
# Visual Studio Version 16
VisualStudioVersion = 16.0.29519.87
MinimumVisualStudioVersion = 10.0.40219.1
Project("{FAE04EC0-301F-11D3-BF4B-00C04F79EFBC}") = "SAM.Core", "SAM.Core\SAM.Core.csproj", "{1C86B9AC-81B3-41D8-BA48-321F28AB94F4}"
EndProject
Project("{FAE04EC0-301F-11D3-BF4B-00C04F79EFBC}") = "SAM.Geometry", "SAM.Geometry\SAM.Geometry.csproj", "{4CF184FD-B48A-41FC-ADBC-20218B44B03D}"
EndProject
Global
	GlobalSection(SolutionConfigurationPlatforms) = preSolution
		Debug|Any CPU = Debug|Any CPU
		Release|Any CPU = Release|Any CPU
	EndGlobalSection
	GlobalSection(ProjectConfigurationPlatforms) = postSolution
		{1C86B9AC-81B3-41D8-BA48-321F28AB94F4}.Debug|Any CPU.ActiveCfg = Debug|Any CPU
		{1C86B9AC-81B3-41D8-BA48-321F28AB94F4}.Debug|Any CPU.Build.0 = Debug|Any CPU
		{1C86B9AC-81B3-41D8-BA48-321F28AB94F4}.Release|Any CPU.ActiveCfg = Release|Any CPU
		{1C86B9AC-81B3-41D8-BA48-321F28AB94F4}.Release|Any CPU.Build.0 = Release|Any CPU
		{4CF184FD-B48A-41FC-ADBC-20218B44B03D}.Debug|Any CPU.ActiveCfg = Debug|Any CPU
		{4CF184FD-B48A-41FC-ADBC-20218B44B03D}.Debug|Any CPU.Build.0 = Debug|Any CPU
		{4CF184FD-B48A-41FC-ADBC-20218B44B03D}.Release|Any CPU.ActiveCfg = Release|Any CPU
		{4CF184FD-B48A-41FC-ADBC-20218B44B03D}.Release|Any CPU.Build.0 = Release|Any CPU
	EndGlobalSection
	GlobalSection(SolutionProperties) = preSolution
		HideSolutionNode = FALSE
	EndGlobalSection
	GlobalSection(ExtensibilityGlobals) = postSolution
		SolutionGuid = {4E0308FF-C8D5-4700-951A-859CB9D4FD09}
	EndGlobalSection
EndGlobal
