
Microsoft Visual Studio Solution File, Format Version 12.00
# Visual Studio Version 16
VisualStudioVersion = 16.0.29519.87
MinimumVisualStudioVersion = 10.0.40219.1
Project("{FAE04EC0-301F-11D3-BF4B-00C04F79EFBC}") = "SAM.Core", "SAM\SAM.Core\SAM.Core.csproj", "{1C86B9AC-81B3-41D8-BA48-321F28AB94F4}"
EndProject
Project("{FAE04EC0-301F-11D3-BF4B-00C04F79EFBC}") = "SAM.Geometry", "SAM\SAM.Geometry\SAM.Geometry.csproj", "{4CF184FD-B48A-41FC-ADBC-20218B44B03D}"
EndProject
Project("{FAE04EC0-301F-11D3-BF4B-00C04F79EFBC}") = "SAM.Analytical", "SAM\SAM.Analytical\SAM.Analytical.csproj", "{B47BAD06-8523-455E-ACF8-4879D0286EC1}"
EndProject
Project("{FAE04EC0-301F-11D3-BF4B-00C04F79EFBC}") = "SAMAnalyticalDynamo", "Dynamo\SAMAnalyticalDynamo\SAMAnalyticalDynamo.csproj", "{C0FC4B58-6EA4-47B0-B242-F4C053BB14C2}"
EndProject
Project("{FAE04EC0-301F-11D3-BF4B-00C04F79EFBC}") = "SAMCoreDynamo", "Dynamo\SAMCoreDynamo\SAMCoreDynamo.csproj", "{3072B7C0-BB80-4D75-9905-77CFAFA2047F}"
EndProject
Project("{FAE04EC0-301F-11D3-BF4B-00C04F79EFBC}") = "SAMGeometryDynamo", "Dynamo\SAMGeometryDynamo\SAMGeometryDynamo.csproj", "{31847A71-1B4C-4E40-A202-391922B39876}"
EndProject
Project("{2150E333-8FDC-42A3-9474-1A3956D46DE8}") = "SAM", "SAM", "{4FDEDAD6-FCEC-4426-9A3B-086BF3C99CC0}"
EndProject
Project("{2150E333-8FDC-42A3-9474-1A3956D46DE8}") = "Dynamo", "Dynamo", "{A81D37DE-E647-4EF9-84B4-478BFD860184}"
EndProject
Project("{2150E333-8FDC-42A3-9474-1A3956D46DE8}") = "Grasshopper", "Grasshopper", "{B365D5A7-F4F1-4C45-9565-5F6CFC1134A4}"
EndProject
Project("{FAE04EC0-301F-11D3-BF4B-00C04F79EFBC}") = "SAM.Geometry.Grasshopper", "Grasshopper\SAM.Geometry.Grasshopper\SAM.Geometry.Grasshopper.csproj", "{B8F0EE34-A776-4518-ADA2-E047E468B47B}"
EndProject
Project("{FAE04EC0-301F-11D3-BF4B-00C04F79EFBC}") = "SAM.Architectural", "SAM\SAM.Architectural\SAM.Architectural.csproj", "{752AD1B6-FD09-4008-B7CC-5FD45FD2F9D9}"
EndProject
Project("{FAE04EC0-301F-11D3-BF4B-00C04F79EFBC}") = "SAM.Analytical.Grasshopper", "Grasshopper\SAM.Analytical.Grasshopper\SAM.Analytical.Grasshopper.csproj", "{A1DB5A5E-8118-4B86-8E0D-80FF61D80FEB}"
EndProject
Project("{FAE04EC0-301F-11D3-BF4B-00C04F79EFBC}") = "SAM.Core.Grasshopper", "Grasshopper\SAM.Core.Grasshopper\SAM.Core.Grasshopper.csproj", "{EA20D57F-BB3E-447A-80A2-14C04BAA665F}"
EndProject
Project("{FAE04EC0-301F-11D3-BF4B-00C04F79EFBC}") = "SAM.Units", "SAM\SAM.Units\SAM.Units.csproj", "{CCE71A0C-1303-4330-AB5E-44998C94F802}"
EndProject
Project("{FAE04EC0-301F-11D3-BF4B-00C04F79EFBC}") = "SAM.Architectural.Grasshopper", "Grasshopper\SAM.Architectural.Grasshopper\SAM.Architectural.Grasshopper.csproj", "{D8B37ABA-A2F9-4EB2-9BC6-717BB11F5F47}"
EndProject
Project("{FAE04EC0-301F-11D3-BF4B-00C04F79EFBC}") = "SAM.Math", "SAM\SAM.Math\SAM.Math.csproj", "{255E428D-6969-4542-9846-67B7DE87501B}"
EndProject
Project("{FAE04EC0-301F-11D3-BF4B-00C04F79EFBC}") = "SAM.Math.Grasshopper", "Grasshopper\SAM.Math.Grasshopper\SAM.Math.Grasshopper.csproj", "{0D87D3BC-3E98-4521-8B69-DD93B0C16A4A}"
EndProject
Global
	GlobalSection(SolutionConfigurationPlatforms) = preSolution
		Debug|Any CPU = Debug|Any CPU
		Release|Any CPU = Release|Any CPU
	EndGlobalSection
	GlobalSection(ProjectConfigurationPlatforms) = postSolution
		{1C86B9AC-81B3-41D8-BA48-321F28AB94F4}.Debug|Any CPU.ActiveCfg = Debug|Any CPU
		{1C86B9AC-81B3-41D8-BA48-321F28AB94F4}.Debug|Any CPU.Build.0 = Debug|Any CPU
		{1C86B9AC-81B3-41D8-BA48-321F28AB94F4}.Release|Any CPU.ActiveCfg = Release|Any CPU
		{1C86B9AC-81B3-41D8-BA48-321F28AB94F4}.Release|Any CPU.Build.0 = Release|Any CPU
		{4CF184FD-B48A-41FC-ADBC-20218B44B03D}.Debug|Any CPU.ActiveCfg = Debug|Any CPU
		{4CF184FD-B48A-41FC-ADBC-20218B44B03D}.Debug|Any CPU.Build.0 = Debug|Any CPU
		{4CF184FD-B48A-41FC-ADBC-20218B44B03D}.Release|Any CPU.ActiveCfg = Release|Any CPU
		{4CF184FD-B48A-41FC-ADBC-20218B44B03D}.Release|Any CPU.Build.0 = Release|Any CPU
		{B47BAD06-8523-455E-ACF8-4879D0286EC1}.Debug|Any CPU.ActiveCfg = Debug|Any CPU
		{B47BAD06-8523-455E-ACF8-4879D0286EC1}.Debug|Any CPU.Build.0 = Debug|Any CPU
		{B47BAD06-8523-455E-ACF8-4879D0286EC1}.Release|Any CPU.ActiveCfg = Release|Any CPU
		{B47BAD06-8523-455E-ACF8-4879D0286EC1}.Release|Any CPU.Build.0 = Release|Any CPU
		{C0FC4B58-6EA4-47B0-B242-F4C053BB14C2}.Debug|Any CPU.ActiveCfg = Debug|Any CPU
		{C0FC4B58-6EA4-47B0-B242-F4C053BB14C2}.Debug|Any CPU.Build.0 = Debug|Any CPU
		{C0FC4B58-6EA4-47B0-B242-F4C053BB14C2}.Release|Any CPU.ActiveCfg = Release|Any CPU
		{C0FC4B58-6EA4-47B0-B242-F4C053BB14C2}.Release|Any CPU.Build.0 = Release|Any CPU
		{3072B7C0-BB80-4D75-9905-77CFAFA2047F}.Debug|Any CPU.ActiveCfg = Debug|Any CPU
		{3072B7C0-BB80-4D75-9905-77CFAFA2047F}.Debug|Any CPU.Build.0 = Debug|Any CPU
		{3072B7C0-BB80-4D75-9905-77CFAFA2047F}.Release|Any CPU.ActiveCfg = Release|Any CPU
		{3072B7C0-BB80-4D75-9905-77CFAFA2047F}.Release|Any CPU.Build.0 = Release|Any CPU
		{31847A71-1B4C-4E40-A202-391922B39876}.Debug|Any CPU.ActiveCfg = Debug|Any CPU
		{31847A71-1B4C-4E40-A202-391922B39876}.Debug|Any CPU.Build.0 = Debug|Any CPU
		{31847A71-1B4C-4E40-A202-391922B39876}.Release|Any CPU.ActiveCfg = Release|Any CPU
		{31847A71-1B4C-4E40-A202-391922B39876}.Release|Any CPU.Build.0 = Release|Any CPU
		{B8F0EE34-A776-4518-ADA2-E047E468B47B}.Debug|Any CPU.ActiveCfg = Debug|Any CPU
		{B8F0EE34-A776-4518-ADA2-E047E468B47B}.Debug|Any CPU.Build.0 = Debug|Any CPU
		{B8F0EE34-A776-4518-ADA2-E047E468B47B}.Release|Any CPU.ActiveCfg = Release|Any CPU
		{B8F0EE34-A776-4518-ADA2-E047E468B47B}.Release|Any CPU.Build.0 = Release|Any CPU
		{752AD1B6-FD09-4008-B7CC-5FD45FD2F9D9}.Debug|Any CPU.ActiveCfg = Debug|Any CPU
		{752AD1B6-FD09-4008-B7CC-5FD45FD2F9D9}.Debug|Any CPU.Build.0 = Debug|Any CPU
		{752AD1B6-FD09-4008-B7CC-5FD45FD2F9D9}.Release|Any CPU.ActiveCfg = Release|Any CPU
		{752AD1B6-FD09-4008-B7CC-5FD45FD2F9D9}.Release|Any CPU.Build.0 = Release|Any CPU
		{A1DB5A5E-8118-4B86-8E0D-80FF61D80FEB}.Debug|Any CPU.ActiveCfg = Debug|Any CPU
		{A1DB5A5E-8118-4B86-8E0D-80FF61D80FEB}.Debug|Any CPU.Build.0 = Debug|Any CPU
		{A1DB5A5E-8118-4B86-8E0D-80FF61D80FEB}.Release|Any CPU.ActiveCfg = Release|Any CPU
		{A1DB5A5E-8118-4B86-8E0D-80FF61D80FEB}.Release|Any CPU.Build.0 = Release|Any CPU
		{EA20D57F-BB3E-447A-80A2-14C04BAA665F}.Debug|Any CPU.ActiveCfg = Debug|Any CPU
		{EA20D57F-BB3E-447A-80A2-14C04BAA665F}.Debug|Any CPU.Build.0 = Debug|Any CPU
		{EA20D57F-BB3E-447A-80A2-14C04BAA665F}.Release|Any CPU.ActiveCfg = Release|Any CPU
		{EA20D57F-BB3E-447A-80A2-14C04BAA665F}.Release|Any CPU.Build.0 = Release|Any CPU
		{CCE71A0C-1303-4330-AB5E-44998C94F802}.Debug|Any CPU.ActiveCfg = Debug|Any CPU
		{CCE71A0C-1303-4330-AB5E-44998C94F802}.Debug|Any CPU.Build.0 = Debug|Any CPU
		{CCE71A0C-1303-4330-AB5E-44998C94F802}.Release|Any CPU.ActiveCfg = Release|Any CPU
		{CCE71A0C-1303-4330-AB5E-44998C94F802}.Release|Any CPU.Build.0 = Release|Any CPU
		{D8B37ABA-A2F9-4EB2-9BC6-717BB11F5F47}.Debug|Any CPU.ActiveCfg = Debug|Any CPU
		{D8B37ABA-A2F9-4EB2-9BC6-717BB11F5F47}.Debug|Any CPU.Build.0 = Debug|Any CPU
		{D8B37ABA-A2F9-4EB2-9BC6-717BB11F5F47}.Release|Any CPU.ActiveCfg = Release|Any CPU
		{D8B37ABA-A2F9-4EB2-9BC6-717BB11F5F47}.Release|Any CPU.Build.0 = Release|Any CPU
		{255E428D-6969-4542-9846-67B7DE87501B}.Debug|Any CPU.ActiveCfg = Debug|Any CPU
		{255E428D-6969-4542-9846-67B7DE87501B}.Debug|Any CPU.Build.0 = Debug|Any CPU
		{255E428D-6969-4542-9846-67B7DE87501B}.Release|Any CPU.ActiveCfg = Release|Any CPU
		{255E428D-6969-4542-9846-67B7DE87501B}.Release|Any CPU.Build.0 = Release|Any CPU
		{0D87D3BC-3E98-4521-8B69-DD93B0C16A4A}.Debug|Any CPU.ActiveCfg = Debug|Any CPU
		{0D87D3BC-3E98-4521-8B69-DD93B0C16A4A}.Debug|Any CPU.Build.0 = Debug|Any CPU
		{0D87D3BC-3E98-4521-8B69-DD93B0C16A4A}.Release|Any CPU.ActiveCfg = Release|Any CPU
		{0D87D3BC-3E98-4521-8B69-DD93B0C16A4A}.Release|Any CPU.Build.0 = Release|Any CPU
	EndGlobalSection
	GlobalSection(SolutionProperties) = preSolution
		HideSolutionNode = FALSE
	EndGlobalSection
	GlobalSection(NestedProjects) = preSolution
		{1C86B9AC-81B3-41D8-BA48-321F28AB94F4} = {4FDEDAD6-FCEC-4426-9A3B-086BF3C99CC0}
		{4CF184FD-B48A-41FC-ADBC-20218B44B03D} = {4FDEDAD6-FCEC-4426-9A3B-086BF3C99CC0}
		{B47BAD06-8523-455E-ACF8-4879D0286EC1} = {4FDEDAD6-FCEC-4426-9A3B-086BF3C99CC0}
		{C0FC4B58-6EA4-47B0-B242-F4C053BB14C2} = {A81D37DE-E647-4EF9-84B4-478BFD860184}
		{3072B7C0-BB80-4D75-9905-77CFAFA2047F} = {A81D37DE-E647-4EF9-84B4-478BFD860184}
		{31847A71-1B4C-4E40-A202-391922B39876} = {A81D37DE-E647-4EF9-84B4-478BFD860184}
		{B8F0EE34-A776-4518-ADA2-E047E468B47B} = {B365D5A7-F4F1-4C45-9565-5F6CFC1134A4}
		{752AD1B6-FD09-4008-B7CC-5FD45FD2F9D9} = {4FDEDAD6-FCEC-4426-9A3B-086BF3C99CC0}
		{A1DB5A5E-8118-4B86-8E0D-80FF61D80FEB} = {B365D5A7-F4F1-4C45-9565-5F6CFC1134A4}
		{EA20D57F-BB3E-447A-80A2-14C04BAA665F} = {B365D5A7-F4F1-4C45-9565-5F6CFC1134A4}
		{CCE71A0C-1303-4330-AB5E-44998C94F802} = {4FDEDAD6-FCEC-4426-9A3B-086BF3C99CC0}
		{D8B37ABA-A2F9-4EB2-9BC6-717BB11F5F47} = {B365D5A7-F4F1-4C45-9565-5F6CFC1134A4}
		{255E428D-6969-4542-9846-67B7DE87501B} = {4FDEDAD6-FCEC-4426-9A3B-086BF3C99CC0}
		{0D87D3BC-3E98-4521-8B69-DD93B0C16A4A} = {B365D5A7-F4F1-4C45-9565-5F6CFC1134A4}
	EndGlobalSection
	GlobalSection(ExtensibilityGlobals) = postSolution
		SolutionGuid = {4E0308FF-C8D5-4700-951A-859CB9D4FD09}
	EndGlobalSection
EndGlobal
